commit	385d0ad44da179344c817bb4bf58b419717f059b	sigil	https://github.com/MacCracken/sigil.git	3.12.16
commit	1f793ac6c4f13204fc1ac0ce24140ffea8d1814a	sakshi	https://github.com/MacCracken/sakshi.git	2.5.1
commit	fb1992d76668b4a6b0e59b02b695ab9b5dd6ae36	libro	https://github.com/MacCracken/libro.git	2.10.0
commit	69dbd0abd1a1c8a14c71a3a1e3552ff72806e285	majra	https://github.com/MacCracken/majra.git	2.7.2
commit	90290da9a07d31540574f516dd0ae35d2a2030fb	bote	https://github.com/MacCracken/bote.git	3.3.7
commit	59aa9e0920ce83986e113d0968ee23a50a1b139b	nein	https://github.com/MacCracken/nein.git	1.6.11
commit	472d6ca7be8be40d53be242a311b69245e4a9d7d	kavach	https://github.com/MacCracken/kavach.git	3.13.1
commit	d38ea2b08189c4a372683a3eec25325c634d6732	samay	https://github.com/MacCracken/samay.git	1.1.2
commit	1bb08b06f8b8d6daa53d29a8b74bb900bb8e3ef3	ai-hwaccel	https://github.com/MacCracken/ai-hwaccel.git	2.3.22
commit	3f57d7474f39e7b4606fc23b5c4a20b0c3d76033	agnodrm	https://github.com/MacCracken/agnodrm.git	1.6.0
commit	e69bcaa361dca638bb73a7a3669378bed851aa40	cmdit	https://github.com/MacCracken/cmdit.git	1.2.4
commit	490f8ff5e2914ca6366db5e7a444662e07b9c438	patra	https://github.com/MacCracken/patra.git	1.13.10
commit	90290da9a07d31540574f516dd0ae35d2a2030fb	bote-core	https://github.com/MacCracken/bote.git	3.3.7
commit	c0500d974ace9b50c7aa6625389911e5e94d4175	bayan	https://github.com/MacCracken/bayan.git	1.5.5
67e7e4fbf17a52432ac8da5b692b64db7652636c9c9689b5ae156088d228888b  lib/agnodrm.cyr
9db301777624200078826187f6d49164295a91505a1336619fda1bd27c9d2808  lib/ai-hwaccel.cyr
b1593105548307531c309458f9b701acae223eea8878cf1b2197f07fc260f591  lib/alloc.cyr
69e92cc4b67f1a936f94c92ce8a4c66673758b84dba385e96fbeaa46fa692b4c  lib/alloc_agnos.cyr
62b090ca59dabcb9efc98677f495e04edf63a018105ccd0ac76f992e187cf4e6  lib/alloc_cx.cyr
03922b263b4a771d7104c6dcc30b4b029c6fe40ec93fec6a0ee38ec61f7e7dd8  lib/alloc_macos.cyr
6feb5ef16178a4da10e5cb1fa0ad91e94da8d0d64d76822ea818e70dba5c118e  lib/alloc_windows.cyr
ee03323e1b6ad279619fe630bb76d47b00aca6d198d508ea804f4b19d4f2b6fd  lib/args.cyr
14bb49249285e0549e21577bbbf330e302d8423668ad2be2ae73c91463c616f3  lib/args_agnos.cyr
99f96283da419ad9f01d076269411c3d5214b6007a92d1bbe2356ab906a5d1a1  lib/args_macos.cyr
f7b9d52f29de6d3d633962ccc765a76637091a7256eebc1da5547530eed2c44b  lib/args_win.cyr
3ab3078408007b7782a34aee665b14ee63a6000b9db089efd4bb4e614de8c8a0  lib/assert.cyr
6e62c4d29df2894c2226b2e0a20533a50c755d5b9f5720364c2b11a86aab4417  lib/async.cyr
42700abac52acf9ede2f15f448fbd162d2a596ccd83a9e085969082c1b20a17f  lib/async_agnos.cyr
a562a20e5b0bcc8619b49959b623a2ebc05ed60856f7be1ab9814a4a9a8b54cf  lib/async_macos.cyr
82beb9643fd5631a4719adf0fa12d67ea19569a5b460322ca494e7526f541735  lib/async_win.cyr
a31cbf049f4611a63fffbc022826d69b03d71b0a29b18bdb5ea00b6cd88823b8  lib/atomic.cyr
caf0871c9aab191c88134c74489b62814281d065d1b71b6c21046521792e3822  lib/bayan-json.cyr
196a299c02aa24f241e5ea45362249edd12a4dd77941b318dbb8d0c110f53194  lib/bayan.cyr
5e9135476113d47bec0aac0a717d5d21ed7481abea384eb7d8711493f5915501  lib/bench.cyr
cc0fae51630b1a13196f8273643d7cc58518e30d2f244c9fcd224052c679ebde  lib/bote-core.cyr
62f742477123341be50be74d09d16f80de08534061bc3e82fd99040df9708fc7  lib/boxed.cyr
563bc5059e0a9c206884fb92a42c5b2c2cca06cd3f9448920239c8b5966119dc  lib/callback.cyr
90dbe34babed807cf0ae2125d5efcc10724284e466d52b810828f19d31701f08  lib/chrono.cyr
97d47d376e8d81f75b1b885e5d6182f5fc44f852c7cf03703f8df789b35e9684  lib/cmdit.cyr
096eabc580c807f3e378fbe56058780a28cdf95b9c70b44672bca0a71cf969f6  lib/ct.cyr
4424652d8bb6f459613820a1bc80059b7bb34e7015e824d04c0ef54a1aadb1ad  lib/dynlib.cyr
c6557b7de8359a2d3091040eb8b23d95bcc22623fc88f0005abf905bc410a8fa  lib/fdlopen.cyr
224c9d1685b2a0859abbc1a8a01bc5570660a3aaf90a7ccfb468e38d0cf3af5f  lib/fmt.cyr
2f9d210e9280506f280bbd10a7b26b76c7990360a97fb7701f348bfe76fbb291  lib/fnptr.cyr
812d57d8411be685c653ecc0d644bd8e6b366691ee78dee5518a446bafdb309f  lib/freelist.cyr
18d5d7760e1ae451cfcfff9545889a16171702e206d9ca5970229c717457f8ad  lib/fs.cyr
566cea2fb46deefb11827aafe957e2822d0a2b4590d44faa0fe401f3da1fdc56  lib/fs_win.cyr
b34890c61d62738208106abb6d06f483819e2e01a7ac7899274542b05fdee2df  lib/hashmap.cyr
c330214e8dedf8ee79d03647ea280049f12eb63d6a21c31c5c4bfa36af381c3e  lib/hashmap_fast.cyr
9bebf72eaa4c63aac80710f21d25310b89658bb8cc9f47a8a57ba16261fa0d5b  lib/hashseed.cyr
e81ad8111cd1d91b6f78ebc52bbe1b37b8a85cbf182bc765567abc2babb1ad55  lib/io.cyr
a0504d17e4565ca28a7fc2ba42f7ee678ab862aad3b8fce6e029bbc8785a6648  lib/kavach.cyr
f38092748e5a9197f7a526e54801fd15fab70d2a04d1c23f4f71003f564fb3d6  lib/keccak.cyr
bcb9e3434d6193ba4f6684b635c30c34a9f340af9c3acdb513b28d989d8fa193  lib/libro.cyr
2b70f9f3847249ce865cfc283c556dc3842f5ac89018d654eb8dc8c43de8f40f  lib/majra.cyr
b54450112445e187ac2e56901ad86e27133199b16534129955d23fd7ceda4bd8  lib/math.cyr
18c4b2c680e33d42cd2c294c18cfa2251f10a5ad32fc67a939fd3fce86141570  lib/mmap.cyr
327ca5c83a9d18079b8c1dfb90bd690f7f2bfc0b8c9bd6f5c6d11de391851173  lib/nein.cyr
4eb77e6ee57c7d31963da97ebb89b7c9f0c393ccd2902a43069744896a97d938  lib/net.cyr
839a240cc843a0dbbfa443c9ed90982f44dad0c7f71a84fe895d62d7f018b633  lib/patra.cyr
65d09cbcb4f1f75c1b63735bfb9b7d5a163ddb465acc9017d7e6d1a30d030dbd  lib/process.cyr
25b5508cb30c9084d220674c27f35ac07a0fae523bdcfb5746cbd5a205878d76  lib/process_agnos.cyr
cd45097afe2dfda210ff2015750962c50d4891e3ff4ba155f17b73ca092c8749  lib/process_win.cyr
3d643b57cb58f83119213d8a706674943a9cb42842a63dcb6ea97401e17971a8  lib/random.cyr
0d123c5561e9bf63e3f09ab65988ffbf4233e7a3e79b66a2870ce7f5c257eb49  lib/regex.cyr
66f2a7e4a5523da13da19c94d5d6d5ac14635fbba10c3bc4f950241a3b26cd10  lib/result.cyr
6027b62a4c17484637db4e5da5a7ae6dceed923db1ec28312ebf1c4c619dcec1  lib/sakshi.cyr
283d58ae356d918307fc58a328544d6ed3dc3abf572fa4906cb9fc511aaf60ec  lib/samay.cyr
7d27252432db823bd66910de9c459fdecb3c006388731fd37eedcde9796388f2  lib/sandhi.cyr
c5146f1c973c6daa27174993859979430bd571cac1a224780ac21553aa71f523  lib/sankoch.cyr
3104f8d448f1b7eebef6e8e7feaec7ac9808dcf8ac1bd20423c526a37b80afc9  lib/sha1.cyr
b89919ff3cf24eb31c2d819bc0827bd30b079bde8d7e85d1583882b35fec91d8  lib/sigil.cyr
25f840dbf3a90b983c72afb33416b233d511cbc3298e768cd912bfa325204755  lib/slice.cyr
1287a8ca89f960f68e183de2006fe4c1c8796acd1db993acfa68b81caccc7616  lib/str.cyr
f963c13ec3945a54d7a6c626e75b9f02d2053c60deb4fa987d7fd1fff97b1723  lib/string.cyr
063c94d88d642bbdcd12e133ab582a7b7b2a34b6778169602e22e9e5db84b2cb  lib/sync.cyr
0064ea95f08490cdac07589bb509a8c76dc09feb4ddb27e9076d2c2d681a2464  lib/sync_macos.cyr
1327489329f60a7eb6ca27812073bfb14541bb3e5f8b674a7e6de3e97e177567  lib/sync_windows.cyr
e4f8847098f82d0bbfa499ea3d01625f7844005419ef08da85c8f58618bd699e  lib/sys.cyr
241126af6fcf1971193f28ec348eab5c4895f8a8b89ca8c470d5d266c5ea75df  lib/syscalls.cyr
e40915a970bc4979100a416eb18f1bd16ff28d66ccd1b78cdf23779879d55fb8  lib/syscalls_aarch64_linux.cyr
777235f735da9939c5dc009b8344d6706e2565369023b8145c85a7762df283da  lib/syscalls_linux_common.cyr
1d7e1f926d44c4d3c782428e6e515c534b00b22b4b435504ecdcd157cbfa231a  lib/syscalls_macos.cyr
aece900918e292cbb0c2a45440f24b3a71a27eeb19bc26504e8c6167050bcc70  lib/syscalls_windows.cyr
d80ca10fa566b884e268dd51904c8d2c0fca9c427dd9e98eedd461afe09eb8db  lib/syscalls_x86_64_agnos.cyr
63b67ed13fcb333de88ba2f39611bd90dd12753878815d85a049ce57b1b86200  lib/syscalls_x86_64_linux.cyr
30def7b0a8f770a2d66efeffd953aa4bf3f2b902207fec9104b569acdc6315b1  lib/tagged.cyr
a8ae4f1396d23bff31a4c22c53be396b4624dcd763f5a9de81d4933a07beae9e  lib/test.cyr
d50595e12cd4aa796e6368123a8eb7257ca4d4f1346a9b0680e0de97e4293b82  lib/thread.cyr
a2a3fc45e73e7f2c0f2f392569bb6b6c0ea9d1e992b47f6fc37ef8031373a8ac  lib/thread_agnos.cyr
010bf88c51a49041f2af49f92b0e0b23679f3e573cf5a6debce8f3fb46c3f7dd  lib/thread_local.cyr
0cbd5614a2050807c3f40a9de241ff5f4b7c5c4ac36a0ae5a9428697f4864e8b  lib/thread_macos.cyr
a660c9b6f14038be0e88e09965930881ed628980a87b334e1e15cbf847c192f0  lib/thread_win.cyr
12710a10eb042a1d92fed67f09d429bab3e5136add3fbf947c5269238ae9ad16  lib/tls.cyr
c96c9e525dfa49dae5a51fe441db8022d28f1cafe4e15d2edd416c52eaa2c684  lib/tls_native.cyr
f266862c2b50ded0c8c63af6a1d3c24a0845bfdf07e2165757f94c1f63a601e2  lib/tls_native_conn.cyr
bb432fe9a94d00a1e112db04730cf0e65d96b5a83d903977e3eb56956e6550c4  lib/tls_native_ctx.cyr
7fe98d06fbdb08c3e1db62a7c3e7f7cbf0a15d5e11c320aa5d4795b3af240b45  lib/tls_native_hs12.cyr
79ca32e3a458700e60401cdda69bf4a10743b0086428449b3f65faa0a0ca48da  lib/tls_native_hs13.cyr
7f09bdda201facfea22a870090584127af1cc1151a822dcf15aa737fe8329468  lib/tls_native_keysched.cyr
dd083116c877c777f44f0d9e754dde477f6f42e99d5399fdc9e15ae4cf6fb06f  lib/tls_native_lowlevel.cyr
fa7a04f961c15fa76dac4ce799830f0a71a720d27da25867f4ca68e7ea21880a  lib/vec.cyr
f309459f0750190c5a943ce4e218fc2afdf072d6f044c41c31d4d8bb2515c9c6  lib/ws_server.cyr
cyrius	6.6.10
