9368b806979583334291a968136674f146a8a68ac7fb379a7b0348fa850c9831  lib/nein.cyr
d9f3b17ddbbe1bba48917c3a679807b01c39c4a1ce776efdbdfbb7a1680e86e4  lib/tagged.cyr
b96a50f8df3b533649d09cd239578811a22097434e09d89b113ce8b7f56801db  lib/net.cyr
1ef26981e6a0e007fc383ea65ab2107d1873d76ae60de2e09f213130c7555a78  lib/sigil_crypto_scratch.cyr
bffba3143adaa5628e8bc086881dcb2e672351948d8c2569a23d73a749e98afd  lib/syscalls_macos.cyr
99505e855d2a2714ea9121a60623d1f0ed0bafaace1e34c6f08a3aab11899753  lib/bayan.cyr
1f37b1a26c04b67b76191282bde9f4a2b3129286afaa9671f603e89f95be1006  lib/mmap.cyr
775df103e5ba0d92d13d19a996f0197c69396d69457120888fa58c73db241a70  lib/async_win.cyr
062f2e197d87857fe16ea2391a1595b2bd14f8261922ef252bb404b516a27988  lib/math.cyr
f13dde26ce0a3509dec70fe0d0965ec784dfda55a9f54730eb1762a8c7f1fc96  lib/dynlib.cyr
8a3e4378e75eefbf7e6d8d098449dbe909f9b9b80a2a72624adb250eb4335c09  lib/str.cyr
fb7a0703e81b5f7dc6af4b90a6fc0b2fc3b0f1fb942f73611f13fe627d73cc93  lib/fdlopen.cyr
226f80395a580a665ca6a294cf63625857aa7872251285ee11e783a67e2601c2  lib/agnodrm.cyr
0fd0ff08a44c22023cb79f81f5ea4132926fec38a10ecb4d8bc3fea5da55e2ff  lib/libro.cyr
69e92cc4b67f1a936f94c92ce8a4c66673758b84dba385e96fbeaa46fa692b4c  lib/alloc_agnos.cyr
deaa166b2421f6380c609b1bc90f10e42778c0c831060ed3046892fe8313ea30  lib/async.cyr
f421d9a99161a3f9afb945c384d4a0261f0e89d11390a354c5e15f94891dd925  lib/ws_server.cyr
7d3d42af5aa5379e1c8969add8c8d61d0b8636d4c6ad48e5adba57729e40021e  lib/majra.cyr
ccacdfdb2d33b77075a7b344f4e2dc5d50e9d4e94b6244833dd42d29429a55ef  lib/sigil_hex.cyr
6481131d6647da9432f3dffe2ea2891ad2dfca2224e09d638bf1bb530113a168  lib/thread_agnos.cyr
03922b263b4a771d7104c6dcc30b4b029c6fe40ec93fec6a0ee38ec61f7e7dd8  lib/alloc_macos.cyr
d5c3a6180abf92003c39ceeed6967599fdafb688891f3409c1af4e3f934c237c  lib/sigil-mldsa.cyr
acbf37e24af05cfdd043733db630f2f4ab0a2b5bd984c111c381e271184329f1  lib/hashmap_fast.cyr
c7b3bf5beebddc082d4fa643a7113deaf26d0fd80dd5cd70ba0e3c21671107d0  lib/fs_win.cyr
27c9752b70e797b43d30204e5077749526144495ba7021b1272067f3236d81f9  lib/args_agnos.cyr
17da1a84ea09620067a04004c267e1d0a2adf0470981c086aeae07ae4136ac51  lib/freelist.cyr
ac55a4ff22d49ccf6c44893be077e1c824825aed845d82c04767f4f87c29d6da  lib/sync_macos.cyr
fef4873fa425a431e25ed77409ee4dde92d4fc07fe1df76af336ab74d63d8b11  lib/sakshi.cyr
096eabc580c807f3e378fbe56058780a28cdf95b9c70b44672bca0a71cf969f6  lib/ct.cyr
7b045871f231519e65f28a4b7abfbae6dd8e586ce03053fd367b3a119e8303c9  lib/atomic.cyr
ff14f0d7999956754937f612c0aa60719c138f0967a81019cf99e08aae088087  lib/string.cyr
29a44a0c507b82272c825ada25d56121cd05510bff0bb98c2693c963dfb7071b  lib/process.cyr
29e89f51e2f612e8890afe18d9d9609e8e81dbc473a13a4131157167ca8f4c68  lib/alloc.cyr
292e0a2d8575f9fc4b74484c8dea531f7acc12026fae656278861eeb13bf35b5  lib/sigil.cyr
ca8654175fbeee38e72d0c7aa5815dd5c2b0b1029c6b961fa2686d5fda9ef6b7  lib/sandhi.cyr
4d5d34299efba86c8c6895fcdd474ff25bcb5e1a9fc4bab1b976e52972e54f24  lib/syscalls_x86_64_linux.cyr
3ed1709613427e2ea60573ea987a9933584ed74c22ef01e8c919deb03385f315  lib/syscalls_x86_64_agnos.cyr
6af061b024975f499bcc7c259c72761109a957c145e0e1fc192cd600c054c09f  lib/sigil_sha256.cyr
64f52ae0d9b0bb6a19bad2e85ba490586f6907e1afa2fdfe83c1bb0853d40ffc  lib/cmdit.cyr
3073d5cee65bfccbd19d17412db80d3d9b91cb97d3d742476d3f4bf58246c29f  lib/fmt.cyr
aeddbc2a926ceb30164f6e023b824a605af38db853eb29b4a8d967c2da6e0a53  lib/tls.cyr
84611780a6809901b0e76fd2debb7bd089df8fb290901814bc06a38585eca359  lib/assert.cyr
619f0bce74b6b1ec0acf8ce3ed6839fe0a7c043bf16af6bae4e06f5e492af874  lib/args.cyr
7ca454e7255ee9f5ac655e553550feecf99f6df22e9e774463a8260e032d118a  lib/patra.cyr
af3dc72c3e2d0f94ea4d4a6bdeb60963cd36e7849b7ccf06299bf5c616de7100  lib/sync_windows.cyr
c183908dd1904c574ac20960428b4c4f63a36fb4d18a76895d5f34ca0cfc99ca  lib/tls_native.cyr
65c97b05e22533d24bfd844646d530480b79973fa5b0277ad3f759f4398a328c  lib/chrono.cyr
006cb1e3c95a2af4083bee510d8218619d55f9d1e5a4dac27b993f3de7cae32d  lib/sigil_sha512.cyr
dd083116c877c777f44f0d9e754dde477f6f42e99d5399fdc9e15ae4cf6fb06f  lib/tls_native_lowlevel.cyr
081ae3d4e1f82f878849342bf2f77313ff7142dba8e84d3c6aa9005b1ad10be0  lib/sigil_sha_ni.cyr
f9b5931a668acb2b08aa2a4b5a2396f551e0824405c155222015bdd4baa8cd81  lib/syscalls.cyr
d5d3bfde91037c8038955adc5bfab4d17cc95c49c970757d360d89bcfcf3d92d  lib/thread_local.cyr
bd63b07681c88830f82749303a490ed557df70999b60184a8f7b811f15735823  lib/tls_native_keysched.cyr
299c2c7e203b339a6b97d3ab88d15f3465d72bda018c61e6951819eabd7cc018  lib/alloc_windows.cyr
21ed1fcce7fcc4168e5bc0eb6224da1e26390dbc617ff48c68bacb8e4722cedb  lib/thread_win.cyr
8e145095d964ff515afe448aacdea404d7def8170091f8b31071921c191e901a  lib/thread.cyr
f7b9d52f29de6d3d633962ccc765a76637091a7256eebc1da5547530eed2c44b  lib/args_win.cyr
03b00c6f58f54f690505d94bc6d173c0e4ec64e709288f43939fbc7f756847ce  lib/process_agnos.cyr
6b741e6344246eccd42b940f77d396d0c1a4a24234b51e42a746a3b905ef3f8b  lib/syscalls_aarch64_linux.cyr
8af62caaa9cdd96bca338a5587526a275a0e36dbfc33066febf81498321f9bb1  lib/bench.cyr
fd7e2f0e2f1c883fc3f737134d10fe006c39d22184cd023aea62b00904dbc24b  lib/sankoch.cyr
78ba412f0c39e6f5d7672f1d220454e2bb27a5b7d5d74e1851f6472f923d2ecf  lib/bote-core.cyr
4ee1b87f32da98d2336d052bce540069afd379209e203118e63a21b24f9f0666  lib/async_agnos.cyr
543be460c6d2a9922e47f4dafb4fae981802f74827b935d4ec9dadb35870cb43  lib/keccak.cyr
19bcb006802c5d158ce1b9e0090a07da7e4d1092236f9850c61ebcbf294021c4  lib/vec.cyr
30c6cb01b3f4a44a5d79c599b81f996964216dcf6298a2f20e8dc225f979d2f2  lib/fs.cyr
88b4d980fc9df67c66e2c68dff37131368e1153f4048863a823153291b491691  lib/io.cyr
e5c01430c59451f1e4e75e371b7c5d25cbf3b4b02f2eb30e680358bbb809ffbb  lib/sync.cyr
724cb440922e89ff60c76eba23670eeee53b9d1f3ffdde31ebe2e2f9badda9ed  lib/slice.cyr
1fe386009b4001573c4111d1852468db6215e8223ef637ecb85881fbe56f1153  lib/tls_native_hs12.cyr
9fd6444e8cfcf7950837e955473adc5bab6d7bf4fa2c15f8ce2578360c4100eb  lib/hashmap.cyr
f39294af5dc32bec02ec7d2204ca82033abe4f4bafc78e9be792eb178132e244  lib/fnptr.cyr
7e7cc25c4336a278ea8b73a83c029b9d4c8e14cb8c9c99bce3c8176ed9abb807  lib/kavach.cyr
6e8bc55249520244d814a2460e3984576466fb220fd2053ed5d6b5c8e535e757  lib/syscalls_windows.cyr
2b7655aa87921ce20599853dc7d271bda99df6ec5d69978148b7d082f3052582  lib/tls_native_hs13.cyr
de4598e4862fdc8d02195688b9aacc91e888d5f6b85d9fac08f4b7af9daaca19  lib/random.cyr
f266862c2b50ded0c8c63af6a1d3c24a0845bfdf07e2165757f94c1f63a601e2  lib/tls_native_conn.cyr
d675375b2c3929fc0a8dadc2fb79faaa1f43e7ddb49cb1e111d9e7abcb207787  lib/callback.cyr
5d7693ee2bd3e92282591305f69eed792e46285b17017998cdacd44b86e64124  lib/syscalls_linux_common.cyr
cbfeb903459ab57393f1772daa5c369f1bf328c9588b7d2fc08116000fd11617  lib/process_win.cyr
99f96283da419ad9f01d076269411c3d5214b6007a92d1bbe2356ab906a5d1a1  lib/args_macos.cyr
bb432fe9a94d00a1e112db04730cf0e65d96b5a83d903977e3eb56956e6550c4  lib/tls_native_ctx.cyr
bf99f1f02ef990694c35be2f27fdaf3ec06ee9c3a546f4c8f9e06970f90fb9c1  lib/result.cyr
