commit	385d0ad44da179344c817bb4bf58b419717f059b	sigil	https://github.com/MacCracken/sigil.git	3.12.16
commit	1f793ac6c4f13204fc1ac0ce24140ffea8d1814a	sakshi	https://github.com/MacCracken/sakshi.git	2.5.1
commit	fb1992d76668b4a6b0e59b02b695ab9b5dd6ae36	libro	https://github.com/MacCracken/libro.git	2.10.0
commit	69dbd0abd1a1c8a14c71a3a1e3552ff72806e285	majra	https://github.com/MacCracken/majra.git	2.7.2
commit	90290da9a07d31540574f516dd0ae35d2a2030fb	bote	https://github.com/MacCracken/bote.git	3.3.7
commit	59aa9e0920ce83986e113d0968ee23a50a1b139b	nein	https://github.com/MacCracken/nein.git	1.6.11
commit	651fbd0694997280daca8af7f6494dce6b68ee29	kavach	https://github.com/MacCracken/kavach.git	3.12.5
commit	d38ea2b08189c4a372683a3eec25325c634d6732	samay	https://github.com/MacCracken/samay.git	1.1.2
commit	1bb08b06f8b8d6daa53d29a8b74bb900bb8e3ef3	ai-hwaccel	https://github.com/MacCracken/ai-hwaccel.git	2.3.22
commit	3f57d7474f39e7b4606fc23b5c4a20b0c3d76033	agnodrm	https://github.com/MacCracken/agnodrm.git	1.6.0
commit	e69bcaa361dca638bb73a7a3669378bed851aa40	cmdit	https://github.com/MacCracken/cmdit.git	1.2.4
commit	490f8ff5e2914ca6366db5e7a444662e07b9c438	patra	https://github.com/MacCracken/patra.git	1.13.10
commit	90290da9a07d31540574f516dd0ae35d2a2030fb	bote-core	https://github.com/MacCracken/bote.git	3.3.7
commit	c0500d974ace9b50c7aa6625389911e5e94d4175	bayan	https://github.com/MacCracken/bayan.git	1.5.5
327ca5c83a9d18079b8c1dfb90bd690f7f2bfc0b8c9bd6f5c6d11de391851173  lib/nein.cyr
3e51b4f19ecc223ec72f48058d1130074a3d7163de611c3fd704bf6a89ab02f4  lib/tagged.cyr
fe799dda111731ca5d4b92ef1160659c1cec5a507481770b5ed9c92b943d2730  lib/net.cyr
6c76a1afec2ab1e3a11cc0d308feae34c4be34c5030a059d79c9efaf9e4b5213  lib/syscalls_macos.cyr
caf0871c9aab191c88134c74489b62814281d065d1b71b6c21046521792e3822  lib/bayan-json.cyr
104ed47e84386323165fc91e75ebca36f3fbfe4717bd7756a2ff8f02303b2647  lib/bayan.cyr
072725897707e6cc38c67510f972807c07e04cd8ba69d6881c9648f74055c8a5  lib/mmap.cyr
9f9b69b583151e6cd2f026cfa53629ef89b0e15d8c69d3778851f278a33ffaa2  lib/async_win.cyr
a765010977ff6829def00d050e27cc94c52e5b9c6e28defb10f1fdabe2cd74e2  lib/math.cyr
d676fd50e313d24a44da04ccfa51034039a9556f21d04aca7b9a1b2b79ef6228  lib/dynlib.cyr
8a3e4378e75eefbf7e6d8d098449dbe909f9b9b80a2a72624adb250eb4335c09  lib/str.cyr
36634d4c65639300dbb3620b97c8d40232717a59dc086655025cbaa883f189f4  lib/fdlopen.cyr
67e7e4fbf17a52432ac8da5b692b64db7652636c9c9689b5ae156088d228888b  lib/agnodrm.cyr
bcb9e3434d6193ba4f6684b635c30c34a9f340af9c3acdb513b28d989d8fa193  lib/libro.cyr
69e92cc4b67f1a936f94c92ce8a4c66673758b84dba385e96fbeaa46fa692b4c  lib/alloc_agnos.cyr
dbe63348d43b381bff254d9cc3ea7372df6b64a4338471b5b890b2ee479b408b  lib/async.cyr
cfd1d9aafc801afbf2fff72086493ba6d9c8eac950eb7921d56d616b623c6f65  lib/ws_server.cyr
2b70f9f3847249ce865cfc283c556dc3842f5ac89018d654eb8dc8c43de8f40f  lib/majra.cyr
6cd0930d2faf71c5f48835eca206b4d5b26bf7d81bced0b4f37a2a339fd075e3  lib/thread_agnos.cyr
03922b263b4a771d7104c6dcc30b4b029c6fe40ec93fec6a0ee38ec61f7e7dd8  lib/alloc_macos.cyr
78b5e014ba2f904025cc68b6296b542d7d5b25c3375ba699d923a441abe48145  lib/hashmap_fast.cyr
c7b3bf5beebddc082d4fa643a7113deaf26d0fd80dd5cd70ba0e3c21671107d0  lib/fs_win.cyr
27c9752b70e797b43d30204e5077749526144495ba7021b1272067f3236d81f9  lib/args_agnos.cyr
e77b2d5e3744c8f7f2e4bb69710df8888211ca9fb1947cf9408bbc0d66820cd7  lib/freelist.cyr
cb1b481029fa611c573b92f36e6ff25480ea106f7706f98efeb239a7889b57c4  lib/regex.cyr
a8ae4f1396d23bff31a4c22c53be396b4624dcd763f5a9de81d4933a07beae9e  lib/test.cyr
9db301777624200078826187f6d49164295a91505a1336619fda1bd27c9d2808  lib/ai-hwaccel.cyr
b204b05d2f0ee90477d5ca5bd22c339188719ef1eacb05ad6e65e092a1536572  lib/sync_macos.cyr
7ebfc243d1f85d08226b4aa34cee314d368613998476c0f01b70eeda2dc3eb7f  lib/sakshi.cyr
096eabc580c807f3e378fbe56058780a28cdf95b9c70b44672bca0a71cf969f6  lib/ct.cyr
eeadd5a7b29998c0039a6758687857689b20f83d3d16c74349a403dac39e71a4  lib/atomic.cyr
a90313240f49f1884f1bc0992daf4ee8538fe707c6998d04e163f775f4f3a1b2  lib/string.cyr
d86e95aa17266cf10d634825da8a1ce3e13a8b654fec8178c684297c52b14cb6  lib/process.cyr
7328ec74c1b37e22094a0f22dbd2ecea4dce10700a6ba5122cf1d5bfff3a564e  lib/alloc.cyr
71f6f5681a67f4736e6cdc2bad23a09c3b67a77c0c88ebe3ad42d8bb0ee31a6c  lib/sigil.cyr
53ef117072a85dbb68ac9f394acfff0df3d1806003cd9504f5317ff5e135898c  lib/sandhi.cyr
0847964081b1998fa584e74c5ff2a27ad183fc8e251fb620fd1fcf6f2aa9e12e  lib/syscalls_x86_64_linux.cyr
4d571d7b449646b85b24ef8e92433c1214f57e6811980bef883f6914991a116a  lib/syscalls_x86_64_agnos.cyr
97d47d376e8d81f75b1b885e5d6182f5fc44f852c7cf03703f8df789b35e9684  lib/cmdit.cyr
8b419c88a1b4ba8d0c45055c443d4e3488e1c73881fdb7512d2731dd49e087ec  lib/fmt.cyr
28adc0d018577a1c21b40e088991d5a76e6c4cc367346e00f7cab7f719a6f50b  lib/thread_macos.cyr
2606533fa73831ec89acfffe96a1a438b2adb21be6b5b70ca02e76b6a77c6dbb  lib/tls.cyr
09cf81bf4f10758da7967a5f6628b2feed53b0fb5e6e11cac0b273725465e6d8  lib/assert.cyr
c88c2ab7f87fdbf63d8e8cb12d43471e7863315f8053341f295b2237788e6d78  lib/args.cyr
90846b2f95ca0ed3166b257735b390c4ac835f3f1de17e7ee532fdc89584c251  lib/patra.cyr
e4a5d91e12a71feb2d245ec38804ded6333558cb74168853d226cb8ec22e4b19  lib/boxed.cyr
283d58ae356d918307fc58a328544d6ed3dc3abf572fa4906cb9fc511aaf60ec  lib/samay.cyr
af3dc72c3e2d0f94ea4d4a6bdeb60963cd36e7849b7ccf06299bf5c616de7100  lib/sync_windows.cyr
0ceae7028f2dcb86b6dedfcd271b67324d6d0c83dd0b4d015fb22e1795b03ebe  lib/tls_native.cyr
c314b2a6ad6d6136137196291dcc2b72e713c89b8e6e8a05c6b8bedb25b74bde  lib/chrono.cyr
dd083116c877c777f44f0d9e754dde477f6f42e99d5399fdc9e15ae4cf6fb06f  lib/tls_native_lowlevel.cyr
942c760a65fc50f61dfedac20eb5f4f2032b8a955e13450835acff775824b811  lib/syscalls.cyr
a535b59bebc85f9aef7ae4c3114858c6134b09cc9569e508160b95c4a8f7d421  lib/hashseed.cyr
00b5a4309c39031d6f81a0cd8048f499c2f461158b09b85fb7cbe1f6e284a0d6  lib/thread_local.cyr
7f09bdda201facfea22a870090584127af1cc1151a822dcf15aa737fe8329468  lib/tls_native_keysched.cyr
299c2c7e203b339a6b97d3ab88d15f3465d72bda018c61e6951819eabd7cc018  lib/alloc_windows.cyr
494bb8c5265955e80c87af63b79e4227cb989ad332337d0605ef66578cddf025  lib/thread_win.cyr
a012996dd8d3194c8fc65496f9e62f95e7f39eec2caa4f0b62fd7ce64ce9a042  lib/thread.cyr
f7b9d52f29de6d3d633962ccc765a76637091a7256eebc1da5547530eed2c44b  lib/args_win.cyr
03b00c6f58f54f690505d94bc6d173c0e4ec64e709288f43939fbc7f756847ce  lib/process_agnos.cyr
fbd27b904f311898c02bb4ed12ddb9426bd49c9e654c2d3d0bfea5e63d599df3  lib/syscalls_aarch64_linux.cyr
2907e90cae9f66370dce6e9567e24b03dab31221cb4f0e505a5c5745232d5de4  lib/sha1.cyr
0236ac247d6b1bd862988661c6eadbc8b56476b473c2aa6fc28740767b9244f1  lib/bench.cyr
2c2ae9913be380477e57230213225ed9c3bd1e5e00004cde3fed687a1d16d583  lib/sankoch.cyr
cc0fae51630b1a13196f8273643d7cc58518e30d2f244c9fcd224052c679ebde  lib/bote-core.cyr
9bf0b927f4d092609b9cd3305e9e204fc370b024d20e386d9e0e0d99687c0f04  lib/async_agnos.cyr
543be460c6d2a9922e47f4dafb4fae981802f74827b935d4ec9dadb35870cb43  lib/keccak.cyr
e46a35925484d3afbfaaac02676f51adaab953608879158d52f1b997fb5920a8  lib/vec.cyr
2996315d6dbba8e79a0d3f4c23cc4fccc557c478d77c720d1b88b26ad43404de  lib/fs.cyr
82c346ceb97ac0d79da8771ec68632ac6135e8c1f4e1007bd1603fafda6f4e9a  lib/async_macos.cyr
335c52dc6a531ff34fef41d70ccc8e8394ac4365655b12c359f39741e0bfc2d0  lib/io.cyr
538956b325e8bffe612ff79bbda93cb1ad3078d78ecb1f0caf059deab11f1a9f  lib/sync.cyr
724cb440922e89ff60c76eba23670eeee53b9d1f3ffdde31ebe2e2f9badda9ed  lib/slice.cyr
1ef92263d128e332a4a431c4d356770c5cbe0ffafa4c5a1327bd7a3117fc2ee7  lib/tls_native_hs12.cyr
335d315cc179ba92fd0d8c05c8091d558045c9f3624eda78a81d7b1ec70246f2  lib/hashmap.cyr
39ee5f438c5b693c8837eda3138a471aac8f0d10f8bdeb1aea2b737bf1f7937b  lib/fnptr.cyr
f371a8d1fed4df20f50374c704a7f51559d91218a78ded2f0a1b7f59401047da  lib/kavach.cyr
93aaa29cd8aebcd0a7b4de1b13541d7ebca6dfd5caf104c03fecdf19560d2910  lib/syscalls_windows.cyr
79ca32e3a458700e60401cdda69bf4a10743b0086428449b3f65faa0a0ca48da  lib/tls_native_hs13.cyr
de4598e4862fdc8d02195688b9aacc91e888d5f6b85d9fac08f4b7af9daaca19  lib/random.cyr
f266862c2b50ded0c8c63af6a1d3c24a0845bfdf07e2165757f94c1f63a601e2  lib/tls_native_conn.cyr
d675375b2c3929fc0a8dadc2fb79faaa1f43e7ddb49cb1e111d9e7abcb207787  lib/callback.cyr
a098b84c66fa51d4449c21a05ba6be06dd907f7bcc9c375843f4de0e160f5192  lib/syscalls_linux_common.cyr
cbfeb903459ab57393f1772daa5c369f1bf328c9588b7d2fc08116000fd11617  lib/process_win.cyr
99f96283da419ad9f01d076269411c3d5214b6007a92d1bbe2356ab906a5d1a1  lib/args_macos.cyr
bb432fe9a94d00a1e112db04730cf0e65d96b5a83d903977e3eb56956e6550c4  lib/tls_native_ctx.cyr
9892d2c32787cdbb5d65b8441bef25d4b8f31942ac4db7500d10aadc43f23632  lib/result.cyr
